
Microsoft Visual Studio Solution File, Format Version 12.00
# Visual Studio 15
VisualStudioVersion = 15.0.27130.2020
MinimumVisualStudioVersion = 10.0.40219.1
Project("{E24C65DC-7377-472B-9ABA-BC803B73C61A}") = "LifeIsStrange", "LifeIsStrange\", "{AF757DE8-8A56-4F3C-B1AA-999231236787}"
	ProjectSection(WebsiteProperties) = preProject
		TargetFrameworkMoniker = ".NETFramework,Version%3Dv4.6.1"
		Debug.AspNetCompiler.VirtualPath = "/localhost_57540"
		Debug.AspNetCompiler.PhysicalPath = "LifeIsStrange\"
		Debug.AspNetCompiler.TargetPath = "PrecompiledWeb\localhost_57540\"
		Debug.AspNetCompiler.Updateable = "true"
		Debug.AspNetCompiler.ForceOverwrite = "true"
		Debug.AspNetCompiler.FixedNames = "false"
		Debug.AspNetCompiler.Debug = "True"
		Release.AspNetCompiler.VirtualPath = "/localhost_57540"
		Release.AspNetCompiler.PhysicalPath = "LifeIsStrange\"
		Release.AspNetCompiler.TargetPath = "PrecompiledWeb\localhost_57540\"
		Release.AspNetCompiler.Updateable = "true"
		Release.AspNetCompiler.ForceOverwrite = "true"
		Release.AspNetCompiler.FixedNames = "false"
		Release.AspNetCompiler.Debug = "False"
		VWDPort = "57540"
		SlnRelativePath = "LifeIsStrange\"
		DefaultWebSiteLanguage = "Visual C#"
	EndProjectSection
EndProject
Global
	GlobalSection(SolutionConfigurationPlatforms) = preSolution
		Debug|Any CPU = Debug|Any CPU
	EndGlobalSection
	GlobalSection(ProjectConfigurationPlatforms) = postSolution
		{AF757DE8-8A56-4F3C-B1AA-999231236787}.Debug|Any CPU.ActiveCfg = Debug|Any CPU
		{AF757DE8-8A56-4F3C-B1AA-999231236787}.Debug|Any CPU.Build.0 = Debug|Any CPU
	EndGlobalSection
	GlobalSection(SolutionProperties) = preSolution
		HideSolutionNode = FALSE
	EndGlobalSection
	GlobalSection(ExtensibilityGlobals) = postSolution
		SolutionGuid = {44BF8481-8694-4F48-9FB4-6331F7E74121}
	EndGlobalSection
EndGlobal
